
Microsoft Visual Studio Solution File, Format Version 12.00
# Visual Studio Version 17
VisualStudioVersion = 17.2.32630.192
MinimumVisualStudioVersion = 10.0.40219.1
Project("{FAE04EC0-301F-11D3-BF4B-00C04F79EFBC}") = "Plus-Minus", "Plus-Minus\Plus-Minus.csproj", "{CD4C5E4C-EA2D-455B-B098-B14C114B6839}"
EndProject
Global
	GlobalSection(SolutionConfigurationPlatforms) = preSolution
		Debug|Any CPU = Debug|Any CPU
		Release|Any CPU = Release|Any CPU
	EndGlobalSection
	GlobalSection(ProjectConfigurationPlatforms) = postSolution
		{CD4C5E4C-EA2D-455B-B098-B14C114B6839}.Debug|Any CPU.ActiveCfg = Debug|Any CPU
		{CD4C5E4C-EA2D-455B-B098-B14C114B6839}.Debug|Any CPU.Build.0 = Debug|Any CPU
		{CD4C5E4C-EA2D-455B-B098-B14C114B6839}.Release|Any CPU.ActiveCfg = Release|Any CPU
		{CD4C5E4C-EA2D-455B-B098-B14C114B6839}.Release|Any CPU.Build.0 = Release|Any CPU
	EndGlobalSection
	GlobalSection(SolutionProperties) = preSolution
		HideSolutionNode = FALSE
	EndGlobalSection
	GlobalSection(ExtensibilityGlobals) = postSolution
		SolutionGuid = {E2638897-B5BF-4F03-8D96-083EA19A0DA6}
	EndGlobalSection
EndGlobal
